
Microsoft Visual Studio Solution File, Format Version 12.00
# Visual Studio Version 17
VisualStudioVersion = 17.5.33502.453
MinimumVisualStudioVersion = 10.0.40219.1
Project("{FAE04EC0-301F-11D3-BF4B-00C04F79EFBC}") = "magic villa", "magic villa\magic villa.csproj", "{892BE158-6FDA-41EF-BDE0-D4A6E170A98E}"
EndProject
Global
	GlobalSection(SolutionConfigurationPlatforms) = preSolution
		Debug|Any CPU = Debug|Any CPU
		Release|Any CPU = Release|Any CPU
	EndGlobalSection
	GlobalSection(ProjectConfigurationPlatforms) = postSolution
		{892BE158-6FDA-41EF-BDE0-D4A6E170A98E}.Debug|Any CPU.ActiveCfg = Debug|Any CPU
		{892BE158-6FDA-41EF-BDE0-D4A6E170A98E}.Debug|Any CPU.Build.0 = Debug|Any CPU
		{892BE158-6FDA-41EF-BDE0-D4A6E170A98E}.Release|Any CPU.ActiveCfg = Release|Any CPU
		{892BE158-6FDA-41EF-BDE0-D4A6E170A98E}.Release|Any CPU.Build.0 = Release|Any CPU
	EndGlobalSection
	GlobalSection(SolutionProperties) = preSolution
		HideSolutionNode = FALSE
	EndGlobalSection
	GlobalSection(ExtensibilityGlobals) = postSolution
		SolutionGuid = {73818B3C-2A67-422E-9189-96728E5AF17F}
	EndGlobalSection
EndGlobal
